Microsoft Visual Studio Solution File, Format Version 12.00
# Visual Studio 15
VisualStudioVersion = 15.0.26124.0
MinimumVisualStudioVersion = 15.0.26124.0
Project("{FAE04EC0-301F-11D3-BF4B-00C04F79EFBC}") = "SampleResource.Client", "Client\SampleResource.Client.csproj", "{5679572E-69DD-42F6-880B-68178CD93F69}"
EndProject
Project("{FAE04EC0-301F-11D3-BF4B-00C04F79EFBC}") = "SampleResource.Server", "Server\SampleResource.Server.csproj", "{E1A6F208-E029-452C-A98E-606709A7DBF4}"
EndProject
Global
	GlobalSection(SolutionConfigurationPlatforms) = preSolution
		Debug|Any CPU = Debug|Any CPU
		Release|Any CPU = Release|Any CPU
	EndGlobalSection
	GlobalSection(SolutionProperties) = preSolution
		HideSolutionNode = FALSE
	EndGlobalSection
	GlobalSection(ProjectConfigurationPlatforms) = postSolution
		{5679572E-69DD-42F6-880B-68178CD93F69}.Debug|Any CPU.ActiveCfg = Debug|Any CPU
		{5679572E-69DD-42F6-880B-68178CD93F69}.Debug|Any CPU.Build.0 = Debug|Any CPU
		{5679572E-69DD-42F6-880B-68178CD93F69}.Release|Any CPU.ActiveCfg = Release|Any CPU
		{5679572E-69DD-42F6-880B-68178CD93F69}.Release|Any CPU.Build.0 = Release|Any CPU
		{E1A6F208-E029-452C-A98E-606709A7DBF4}.Debug|Any CPU.ActiveCfg = Debug|Any CPU
		{E1A6F208-E029-452C-A98E-606709A7DBF4}.Debug|Any CPU.Build.0 = Debug|Any CPU
		{E1A6F208-E029-452C-A98E-606709A7DBF4}.Release|Any CPU.ActiveCfg = Release|Any CPU
		{E1A6F208-E029-452C-A98E-606709A7DBF4}.Release|Any CPU.Build.0 = Release|Any CPU
	EndGlobalSection
EndGlobal
